// !$*UTF8*$!
{
	archiveVersion = 1;
	classes = {
	};
	objectVersion = 46;
	objects = {

/* Begin PBXBuildFile section */
		04787B121E966B1200B3F7EF /* AppDelegate.swift in Sources */ = {isa = PBXBuildFile; fileRef = 04787B111E966B1200B3F7EF /* AppDelegate.swift */; };
		04787B141E966B1200B3F7EF /* ViewController.swift in Sources */ = {isa = PBXBuildFile; fileRef = 04787B131E966B1200B3F7EF /* ViewController.swift */; };
		04787B171E966B1200B3F7EF /* Main.storyboard in Resources */ = {isa = PBXBuildFile; fileRef = 04787B151E966B1200B3F7EF /* Main.storyboard */; };
		04787B191E966B1200B3F7EF /* Assets.xcassets in Resources */ = {isa = PBXBuildFile; fileRef = 04787B181E966B1200B3F7EF /* Assets.xcassets */; };
		04787B1C1E966B1200B3F7EF /* LaunchScreen.storyboard in Resources */ = {isa = PBXBuildFile; fileRef = 04787B1A1E966B1200B3F7EF /* LaunchScreen.storyboard */; };
		04787B331E96766800B3F7EF /* MobileCenterDistributeResources.bundle in Resources */ = {isa = PBXBuildFile; fileRef = 04787B2E1E96766700B3F7EF /* MobileCenterDistributeResources.bundle */; };
		04787B341E96766800B3F7EF /* MobileCenter.framework in Frameworks */ = {isa = PBXBuildFile; fileRef = 04787B2F1E96766700B3F7EF /* MobileCenter.framework */; };
		04787B351E96766800B3F7EF /* MobileCenterAnalytics.framework in Frameworks */ = {isa = PBXBuildFile; fileRef = 04787B301E96766800B3F7EF /* MobileCenterAnalytics.framework */; };
		04787B361E96766800B3F7EF /* MobileCenterCrashes.framework in Frameworks */ = {isa = PBXBuildFile; fileRef = 04787B311E96766800B3F7EF /* MobileCenterCrashes.framework */; };
		04787B371E96766800B3F7EF /* MobileCenterDistribute.framework in Frameworks */ = {isa = PBXBuildFile; fileRef = 04787B321E96766800B3F7EF /* MobileCenterDistribute.framework */; };
/* End PBXBuildFile section */

/* Begin PBXFileReference section */
		04787B0E1E966B1200B3F7EF /* mobile-center-sdk-test.app */ = {isa = PBXFileReference; explicitFileType = wrapper.application; includeInIndex = 0; path = "mobile-center-sdk-test.app"; sourceTree = BUILT_PRODUCTS_DIR; };
		04787B111E966B1200B3F7EF /* AppDelegate.swift */ = {isa = PBXFileReference; lastKnownFileType = sourcecode.swift; path = AppDelegate.swift; sourceTree = "<group>"; };
		04787B131E966B1200B3F7EF /* ViewController.swift */ = {isa = PBXFileReference; lastKnownFileType = sourcecode.swift; path = ViewController.swift; sourceTree = "<group>"; };
		04787B161E966B1200B3F7EF /* Base */ = {isa = PBXFileReference; lastKnownFileType = file.storyboard; name = Base; path = Base.lproj/Main.storyboard; sourceTree = "<group>"; };
		04787B181E966B1200B3F7EF /* Assets.xcassets */ = {isa = PBXFileReference; lastKnownFileType = folder.assetcatalog; path = Assets.xcassets; sourceTree = "<group>"; };
		04787B1B1E966B1200B3F7EF /* Base */ = {isa = PBXFileReference; lastKnownFileType = file.storyboard; name = Base; path = Base.lproj/LaunchScreen.storyboard; sourceTree = "<group>"; };
		04787B1D1E966B1200B3F7EF /* Info.plist */ = {isa = PBXFileReference; lastKnownFileType = text.plist.xml; path = Info.plist; sourceTree = "<group>"; };
		04787B2E1E96766700B3F7EF /* MobileCenterDistributeResources.bundle */ = {isa = PBXFileReference; lastKnownFileType = "wrapper.plug-in"; path = MobileCenterDistributeResources.bundle; sourceTree = "<group>"; };
		04787B2F1E96766700B3F7EF /* MobileCenter.framework */ = {isa = PBXFileReference; lastKnownFileType = wrapper.framework; path = MobileCenter.framework; sourceTree = "<group>"; };
		04787B301E96766800B3F7EF /* MobileCenterAnalytics.framework */ = {isa = PBXFileReference; lastKnownFileType = wrapper.framework; path = MobileCenterAnalytics.framework; sourceTree = "<group>"; };
		04787B311E96766800B3F7EF /* MobileCenterCrashes.framework */ = {isa = PBXFileReference; lastKnownFileType = wrapper.framework; path = MobileCenterCrashes.framework; sourceTree = "<group>"; };
		04787B321E96766800B3F7EF /* MobileCenterDistribute.framework */ = {isa = PBXFileReference; lastKnownFileType = wrapper.framework; path = MobileCenterDistribute.framework; sourceTree = "<group>"; };
/* End PBXFileReference section */

/* Begin PBXFrameworksBuildPhase section */
		04787B0B1E966B1200B3F7EF /* Frameworks */ = {
			isa = PBXFrameworksBuildPhase;
			buildActionMask = 2147483647;
			files = (
				04787B371E96766800B3F7EF /* MobileCenterDistribute.framework in Frameworks */,
				04787B351E96766800B3F7EF /* MobileCenterAnalytics.framework in Frameworks */,
				04787B361E96766800B3F7EF /* MobileCenterCrashes.framework in Frameworks */,
				04787B341E96766800B3F7EF /* MobileCenter.framework in Frameworks */,
			);
			runOnlyForDeploymentPostprocessing = 0;
		};
/* End PBXFrameworksBuildPhase section */

/* Begin PBXGroup section */
		04787B051E966B1200B3F7EF = {
			isa = PBXGroup;
			children = (
				04787B231E9674AE00B3F7EF /* Vendor */,
				04787B101E966B1200B3F7EF /* mobile-center-sdk-test */,
				04787B0F1E966B1200B3F7EF /* Products */,
			);
			sourceTree = "<group>";
		};
		04787B0F1E966B1200B3F7EF /* Products */ = {
			isa = PBXGroup;
			children = (
				04787B0E1E966B1200B3F7EF /* mobile-center-sdk-test.app */,
			);
			name = Products;
			sourceTree = "<group>";
		};
		04787B101E966B1200B3F7EF /* mobile-center-sdk-test */ = {
			isa = PBXGroup;
			children = (
				04787B111E966B1200B3F7EF /* AppDelegate.swift */,
				04787B131E966B1200B3F7EF /* ViewController.swift */,
				04787B151E966B1200B3F7EF /* Main.storyboard */,
				04787B181E966B1200B3F7EF /* Assets.xcassets */,
				04787B1A1E966B1200B3F7EF /* LaunchScreen.storyboard */,
				04787B1D1E966B1200B3F7EF /* Info.plist */,
			);
			path = "mobile-center-sdk-test";
			sourceTree = "<group>";
		};
		04787B231E9674AE00B3F7EF /* Vendor */ = {
			isa = PBXGroup;
			children = (
				04787B2E1E96766700B3F7EF /* MobileCenterDistributeResources.bundle */,
				04787B2F1E96766700B3F7EF /* MobileCenter.framework */,
				04787B301E96766800B3F7EF /* MobileCenterAnalytics.framework */,
				04787B311E96766800B3F7EF /* MobileCenterCrashes.framework */,
				04787B321E96766800B3F7EF /* MobileCenterDistribute.framework */,
			);
			path = Vendor;
			sourceTree = SOURCE_ROOT;
		};
/* End PBXGroup section */

/* Begin PBXNativeTarget section */
		04787B0D1E966B1200B3F7EF /* mobile-center-sdk-test */ = {
			isa = PBXNativeTarget;
			buildConfigurationList = 04787B201E966B1200B3F7EF /* Build configuration list for PBXNativeTarget "mobile-center-sdk-test" */;
			buildPhases = (
				04787B0A1E966B1200B3F7EF /* Sources */,
				04787B0B1E966B1200B3F7EF /* Frameworks */,
				04787B0C1E966B1200B3F7EF /* Resources */,
			);
			buildRules = (
			);
			dependencies = (
			);
			name = "mobile-center-sdk-test";
			productName = "mobile-center-sdk-test";
			productReference = 04787B0E1E966B1200B3F7EF /* mobile-center-sdk-test.app */;
			productType = "com.apple.product-type.application";
		};
/* End PBXNativeTarget section */

/* Begin PBXProject section */
		04787B061E966B1200B3F7EF /* Project object */ = {
			isa = PBXProject;
			attributes = {
				LastSwiftUpdateCheck = 0830;
				LastUpgradeCheck = 0830;
				ORGANIZATIONNAME = "Default User";
				TargetAttributes = {
					04787B0D1E966B1200B3F7EF = {
						CreatedOnToolsVersion = 8.3;
						ProvisioningStyle = Automatic;
					};
				};
			};
			buildConfigurationList = 04787B091E966B1200B3F7EF /* Build configuration list for PBXProject "mobile-center-sdk-test" */;
			compatibilityVersion = "Xcode 3.2";
			developmentRegion = English;
			hasScannedForEncodings = 0;
			knownRegions = (
				en,
				Base,
			);
			mainGroup = 04787B051E966B1200B3F7EF;
			productRefGroup = 04787B0F1E966B1200B3F7EF /* Products */;
			projectDirPath = "";
			projectRoot = "";
			targets = (
				04787B0D1E966B1200B3F7EF /* mobile-center-sdk-test */,
			);
		};
/* End PBXProject section */

/* Begin PBXResourcesBuildPhase section */
		04787B0C1E966B1200B3F7EF /* Resources */ = {
			isa = PBXResourcesBuildPhase;
			buildActionMask = 2147483647;
			files = (
				04787B1C1E966B1200B3F7EF /* LaunchScreen.storyboard in Resources */,
				04787B331E96766800B3F7EF /* MobileCenterDistributeResources.bundle in Resources */,
				04787B191E966B1200B3F7EF /* Assets.xcassets in Resources */,
				04787B171E966B1200B3F7EF /* Main.storyboard in Resources */,
			);
			runOnlyForDeploymentPostprocessing = 0;
		};
/* End PBXResourcesBuildPhase section */

/* Begin PBXSourcesBuildPhase section */
		04787B0A1E966B1200B3F7EF /* Sources */ = {
			isa = PBXSourcesBuildPhase;
			buildActionMask = 2147483647;
			files = (
				04787B141E966B1200B3F7EF /* ViewController.swift in Sources */,
				04787B121E966B1200B3F7EF /* AppDelegate.swift in Sources */,
			);
			runOnlyForDeploymentPostprocessing = 0;
		};
/* End PBXSourcesBuildPhase section */

/* Begin PBXVariantGroup section */
		04787B151E966B1200B3F7EF /* Main.storyboard */ = {
			isa = PBXVariantGroup;
			children = (
				04787B161E966B1200B3F7EF /* Base */,
			);
			name = Main.storyboard;
			sourceTree = "<group>";
		};
		04787B1A1E966B1200B3F7EF /* LaunchScreen.storyboard */ = {
			isa = PBXVariantGroup;
			children = (
				04787B1B1E966B1200B3F7EF /* Base */,
			);
			name = LaunchScreen.storyboard;
			sourceTree = "<group>";
		};
/* End PBXVariantGroup section */

/* Begin XCBuildConfiguration section */
		04787B1E1E966B1200B3F7EF /* Debug */ = {
			isa = XCBuildConfiguration;
			buildSettings = {
				ALWAYS_SEARCH_USER_PATHS = NO;
				CLANG_ANALYZER_NONNULL = YES;
				CLANG_ANALYZER_NUMBER_OBJECT_CONVERSION = YES_AGGRESSIVE;
				CLANG_CXX_LANGUAGE_STANDARD = "gnu++0x";
				CLANG_CXX_LIBRARY = "libc++";
				CLANG_ENABLE_MODULES = YES;
				CLANG_ENABLE_OBJC_ARC = YES;
				CLANG_WARN_BOOL_CONVERSION = YES;
				CLANG_WARN_CONSTANT_CONVERSION = YES;
				CLANG_WARN_DIRECT_OBJC_ISA_USAGE = YES_ERROR;
				CLANG_WARN_DOCUMENTATION_COMMENTS = YES;
				CLANG_WARN_EMPTY_BODY = YES;
				CLANG_WARN_ENUM_CONVERSION = YES;
				CLANG_WARN_INFINITE_RECURSION = YES;
				CLANG_WARN_INT_CONVERSION = YES;
				CLANG_WARN_OBJC_ROOT_CLASS = YES_ERROR;
				CLANG_WARN_SUSPICIOUS_MOVE = YES;
				CLANG_WARN_UNREACHABLE_CODE = YES;
				CLANG_WARN__DUPLICATE_METHOD_MATCH = YES;
				"CODE_SIGN_IDENTITY[sdk=iphoneos*]" = "iPhone Developer";
				COPY_PHASE_STRIP = NO;
				DEBUG_INFORMATION_FORMAT = dwarf;
				ENABLE_STRICT_OBJC_MSGSEND = YES;
				ENABLE_TESTABILITY = YES;
				GCC_C_LANGUAGE_STANDARD = gnu99;
				GCC_DYNAMIC_NO_PIC = NO;
				GCC_NO_COMMON_BLOCKS = YES;
				GCC_OPTIMIZATION_LEVEL = 0;
				GCC_PREPROCESSOR_DEFINITIONS = (
					"DEBUG=1",
					"$(inherited)",
				);
				GCC_WARN_64_TO_32_BIT_CONVERSION = YES;
				GCC_WARN_ABOUT_RETURN_TYPE = YES_ERROR;
				GCC_WARN_UNDECLARED_SELECTOR = YES;
				GCC_WARN_UNINITIALIZED_AUTOS = YES_AGGRESSIVE;
				GCC_WARN_UNUSED_FUNCTION = YES;
				GCC_WARN_UNUSED_VARIABLE = YES;
				IPHONEOS_DEPLOYMENT_TARGET = 10.3;
				MTL_ENABLE_DEBUG_INFO = YES;
				ONLY_ACTIVE_ARCH = YES;
				SDKROOT = iphoneos;
				SWIFT_ACTIVE_COMPILATION_CONDITIONS = DEBUG;
				SWIFT_OPTIMIZATION_LEVEL = "-Onone";
				TARGETED_DEVICE_FAMILY = "1,2";
			};
			name = Debug;
		};
		04787B1F1E966B1200B3F7EF /* Release */ = {
			isa = XCBuildConfiguration;
			buildSettings = {
				ALWAYS_SEARCH_USER_PATHS = NO;
				CLANG_ANALYZER_NONNULL = YES;
				CLANG_ANALYZER_NUMBER_OBJECT_CONVERSION = YES_AGGRESSIVE;
				CLANG_CXX_LANGUAGE_STANDARD = "gnu++0x";
				CLANG_CXX_LIBRARY = "libc++";
				CLANG_ENABLE_MODULES = YES;
				CLANG_ENABLE_OBJC_ARC = YES;
				CLANG_WARN_BOOL_CONVERSION = YES;
				CLANG_WARN_CONSTANT_CONVERSION = YES;
				CLANG_WARN_DIRECT_OBJC_ISA_USAGE = YES_ERROR;
				CLANG_WARN_DOCUMENTATION_COMMENTS = YES;
				CLANG_WARN_EMPTY_BODY = YES;
				CLANG_WARN_ENUM_CONVERSION = YES;
				CLANG_WARN_INFINITE_RECURSION = YES;
				CLANG_WARN_INT_CONVERSION = YES;
				CLANG_WARN_OBJC_ROOT_CLASS = YES_ERROR;
				CLANG_WARN_SUSPICIOUS_MOVE = YES;
				CLANG_WARN_UNREACHABLE_CODE = YES;
				CLANG_WARN__DUPLICATE_METHOD_MATCH = YES;
				"CODE_SIGN_IDENTITY[sdk=iphoneos*]" = "iPhone Developer";
				COPY_PHASE_STRIP = NO;
				DEBUG_INFORMATION_FORMAT = "dwarf-with-dsym";
				ENABLE_NS_ASSERTIONS = NO;
				ENABLE_STRICT_OBJC_MSGSEND = YES;
				GCC_C_LANGUAGE_STANDARD = gnu99;
				GCC_NO_COMMON_BLOCKS = YES;
				GCC_WARN_64_TO_32_BIT_CONVERSION = YES;
				GCC_WARN_ABOUT_RETURN_TYPE = YES_ERROR;
				GCC_WARN_UNDECLARED_SELECTOR = YES;
				GCC_WARN_UNINITIALIZED_AUTOS = YES_AGGRESSIVE;
				GCC_WARN_UNUSED_FUNCTION = YES;
				GCC_WARN_UNUSED_VARIABLE = YES;
				IPHONEOS_DEPLOYMENT_TARGET = 10.3;
				MTL_ENABLE_DEBUG_INFO = NO;
				SDKROOT = iphoneos;
				SWIFT_OPTIMIZATION_LEVEL = "-Owholemodule";
				TARGETED_DEVICE_FAMILY = "1,2";
				VALIDATE_PRODUCT = YES;
			};
			name = Release;
		};
		04787B211E966B1200B3F7EF /* Debug */ = {
			isa = XCBuildConfiguration;
			buildSettings = {
				ASSETCATALOG_COMPILER_APPICON_NAME = AppIcon;
				FRAMEWORK_SEARCH_PATHS = (
					"$(inherited)",
					"$(PROJECT_DIR)",
					"$(PROJECT_DIR)/Vendor",
				);
				INFOPLIST_FILE = "mobile-center-sdk-test/Info.plist";
				LD_RUNPATH_SEARCH_PATHS = "$(inherited) @executable_path/Frameworks";
				PRODUCT_BUNDLE_IDENTIFIER = "akvelon.mobile-center-sdk-test";
				PRODUCT_NAME = "$(TARGET_NAME)";
				SWIFT_VERSION = 3.0;
			};
			name = Debug;
		};
		04787B221E966B1200B3F7EF /* Release */ = {
			isa = XCBuildConfiguration;
			buildSettings = {
				ASSETCATALOG_COMPILER_APPICON_NAME = AppIcon;
				FRAMEWORK_SEARCH_PATHS = (
					"$(inherited)",
					"$(PROJECT_DIR)",
					"$(PROJECT_DIR)/Vendor",
				);
				INFOPLIST_FILE = "mobile-center-sdk-test/Info.plist";
				LD_RUNPATH_SEARCH_PATHS = "$(inherited) @executable_path/Frameworks";
				PRODUCT_BUNDLE_IDENTIFIER = "akvelon.mobile-center-sdk-test";
				PRODUCT_NAME = "$(TARGET_NAME)";
				SWIFT_VERSION = 3.0;
			};
			name = Release;
		};
/* End XCBuildConfiguration section */

/* Begin XCConfigurationList section */
		04787B091E966B1200B3F7EF /* Build configuration list for PBXProject "mobile-center-sdk-test" */ = {
			isa = XCConfigurationList;
			buildConfigurations = (
				04787B1E1E966B1200B3F7EF /* Debug */,
				04787B1F1E966B1200B3F7EF /* Release */,
			);
			defaultConfigurationIsVisible = 0;
			defaultConfigurationName = Release;
		};
		04787B201E966B1200B3F7EF /* Build configuration list for PBXNativeTarget "mobile-center-sdk-test" */ = {
			isa = XCConfigurationList;
			buildConfigurations = (
				04787B211E966B1200B3F7EF /* Debug */,
				04787B221E966B1200B3F7EF /* Release */,
			);
			defaultConfigurationIsVisible = 0;
			defaultConfigurationName = Release;
		};
/* End XCConfigurationList section */
	};
	rootObject = 04787B061E966B1200B3F7EF /* Project object */;
}
